hash: ff178ef26546a34251b65972a52a68fb7aba59410861d2706931ac3b7a488aca
updated: 2017-05-23T10:39:27.544665978+08:00
imports:
- name: github.com/armon/go-radix
  version: 4239b77079c7b5d1243b7b4736304ce8ddb6f0f2
- name: github.com/bgentry/speakeasy
  version: 4aabc24848ce5fd31929f7d1e4ea74d3709c14cd
- name: github.com/denverdino/aliyungo
  version: 86861c14413b78c1e5bee83490f0fa84595e8acb
  subpackages:
  - common
  - ecs
  - util
- name: github.com/golang/glog
  version: 23def4e6c14b4da8ac2ed8007337bc5eb5007998
- name: github.com/mattn/go-isatty
  version: fc9e8d8ef48496124e79ae0df75490096eccf6fe
- name: github.com/mitchellh/cli
  version: ee8578a9c12a5bb9d55303b9665cc448772c81b8
- name: golang.org/x/sys
  version: 8f0908ab3b2457e2e15403d3697c9ef5cb4b57a9
  subpackages:
  - unix
- name: k8s.io/apimachinery
  version: 2de00c78cb6d6127fb51b9531c1b3def1cbcac8c
  subpackages:
  - pkg/util/sets
- name: k8s.io/kubernetes
  version: 199465c3a59f818bde72dba8ada7b8b097db058d
  subpackages:
  - pkg/util/exec
  - pkg/util/mount
testImports: []
